version: 6
environments:
  default:
    channels:
    - url: https://conda.anaconda.org/conda-forge/
    indexes:
    - https://pypi.org/simple
    packages:
      linux-64:
      - conda: https://conda.anaconda.org/conda-forge/linux-64/_libgcc_mutex-0.1-conda_forge.tar.bz2
      - conda: https://conda.anaconda.org/conda-forge/linux-64/_openmp_mutex-4.5-2_gnu.tar.bz2
      - conda: https://conda.anaconda.org/conda-forge/noarch/beautifulsoup4-4.13.5-pyha770c72_0.conda
      - conda: https://conda.anaconda.org/conda-forge/noarch/bs4-4.13.5-hd8ed1ab_0.conda
      - conda: https://conda.anaconda.org/conda-forge/linux-64/bzip2-1.0.8-h4bc722e_7.conda
      - conda: https://conda.anaconda.org/conda-forge/noarch/ca-certificates-2025.8.3-hbd8a1cb_0.conda
      - conda: https://conda.anaconda.org/conda-forge/linux-64/ld_impl_linux-64-2.44-h1423503_1.conda
      - conda: https://conda.anaconda.org/conda-forge/linux-64/libffi-3.4.6-h2dba641_1.conda
      - conda: https://conda.anaconda.org/conda-forge/linux-64/libgcc-15.1.0-h767d61c_4.conda
      - conda: https://conda.anaconda.org/conda-forge/linux-64/libgcc-ng-15.1.0-h69a702a_4.conda
      - conda: https://conda.anaconda.org/conda-forge/linux-64/libgomp-15.1.0-h767d61c_4.conda
      - conda: https://conda.anaconda.org/conda-forge/linux-64/liblzma-5.8.1-hb9d3cd8_2.conda
      - conda: https://conda.anaconda.org/conda-forge/linux-64/liblzma-devel-5.8.1-hb9d3cd8_2.conda
      - conda: https://conda.anaconda.org/conda-forge/linux-64/libnsl-2.0.1-hb9d3cd8_1.conda
      - conda: https://conda.anaconda.org/conda-forge/linux-64/libsqlite-3.50.4-h0c1763c_0.conda
      - conda: https://conda.anaconda.org/conda-forge/linux-64/libuuid-2.38.1-h0b41bf4_0.conda
      - conda: https://conda.anaconda.org/conda-forge/linux-64/libzlib-1.3.1-hb9d3cd8_2.conda
      - conda: https://conda.anaconda.org/conda-forge/linux-64/ncurses-6.5-h2d0b736_3.conda
      - conda: https://conda.anaconda.org/conda-forge/linux-64/openssl-3.5.2-h26f9b46_0.conda
      - conda: https://conda.anaconda.org/conda-forge/linux-64/python-3.10.0-h543edf9_3_cpython.tar.bz2
      - conda: https://conda.anaconda.org/conda-forge/linux-64/readline-8.2-h8c095d6_2.conda
      - conda: https://conda.anaconda.org/conda-forge/noarch/soupsieve-2.7-pyhd8ed1ab_0.conda
      - conda: https://conda.anaconda.org/conda-forge/linux-64/sqlite-3.50.4-hbc0de68_0.conda
      - conda: https://conda.anaconda.org/conda-forge/noarch/termcolor-3.1.0-pyhd8ed1ab_0.conda
      - conda: https://conda.anaconda.org/conda-forge/linux-64/tk-8.6.13-noxft_hd72426e_102.conda
      - conda: https://conda.anaconda.org/conda-forge/noarch/typing-extensions-4.14.1-h4440ef1_0.conda
      - conda: https://conda.anaconda.org/conda-forge/noarch/typing_extensions-4.14.1-pyhe01879c_0.conda
      - conda: https://conda.anaconda.org/conda-forge/noarch/tzdata-2025b-h78e105d_0.conda
      - conda: https://conda.anaconda.org/conda-forge/linux-64/xz-5.8.1-hbcc6ac9_2.conda
      - conda: https://conda.anaconda.org/conda-forge/linux-64/xz-gpl-tools-5.8.1-hbcc6ac9_2.conda
      - conda: https://conda.anaconda.org/conda-forge/linux-64/xz-tools-5.8.1-hb9d3cd8_2.conda
      - pypi: https://files.pythonhosted.org/packages/8f/aa/ba0014cc4659328dc818a28827be78e6d97312ab0cb98105a770924dc11e/absl_py-2.3.1-py3-none-any.whl
      - pypi: https://files.pythonhosted.org/packages/2b/03/13dde6512ad7b4557eb792fbcf0c653af6076b81e5941d36ec61f7ce6028/astunparse-1.6.3-py2.py3-none-any.whl
      - pypi: https://files.pythonhosted.org/packages/72/76/20fa66124dbe6be5cafeb312ece67de6b61dd91a0247d1ea13db4ebb33c2/cachetools-5.5.2-py3-none-any.whl
      - pypi: https://files.pythonhosted.org/packages/e5/48/1549795ba7742c948d2ad169c1c8cdbae65bc450d6cd753d124b17c8cd32/certifi-2025.8.3-py3-none-any.whl
      - pypi: https://files.pythonhosted.org/packages/65/1a/7425c952944a6521a9cfa7e675343f83fd82085b8af2b1373a2409c683dc/charset_normalizer-3.4.3-cp310-cp310-manylinux2014_x86_64.manylinux_2_17_x86_64.manylinux_2_28_x86_64.whl
      - pypi: https://files.pythonhosted.org/packages/eb/26/712e578c5f14e26ae3314c39a1bdc4eb2ec2f4ddc89b708cf8e0a0d20423/flatbuffers-1.12-py2.py3-none-any.whl
      - pypi: https://files.pythonhosted.org/packages/b6/48/583c032b79ae5b3daa02225a675aeb673e58d2cb698e78510feceb11958c/gast-0.4.0-py3-none-any.whl
      - pypi: https://files.pythonhosted.org/packages/17/63/b19553b658a1692443c62bd07e5868adaa0ad746a0751ba62c59568cd45b/google_auth-2.40.3-py2.py3-none-any.whl
      - pypi: https://files.pythonhosted.org/packages/b1/0e/0636cc1448a7abc444fb1b3a63655e294e0d2d49092dc3de05241be6d43c/google_auth_oauthlib-0.4.6-py2.py3-none-any.whl
      - pypi: https://files.pythonhosted.org/packages/a3/de/c648ef6835192e6e2cc03f40b19eeda4382c49b5bafb43d88b931c4c74ac/google_pasta-0.2.0-py3-none-any.whl
      - pypi: https://files.pythonhosted.org/packages/fd/75/a1991dd64b331d199935e096cc9daa3415ee5ccbe9f909aa48eded7bba34/grpcio-1.74.0-cp310-cp310-manylinux_2_17_x86_64.manylinux2014_x86_64.whl
      - pypi: https://files.pythonhosted.org/packages/b1/45/e1a754dc7cd465ba35e438e28557119221ac89b20aaebef48282654e3dc7/h5py-3.14.0-cp310-cp310-manylinux_2_17_x86_64.manylinux2014_x86_64.whl
      - pypi: https://files.pythonhosted.org/packages/76/c6/c88e154df9c4e1a2a66ccf0005a88dfb2650c1dffb6f5ce603dfbd452ce3/idna-3.10-py3-none-any.whl
      - pypi: https://files.pythonhosted.org/packages/ff/ff/f25909606aed26981a8bd6d263f89d64a20ca5e5316e6aafb4c75d9ec8ae/keras-2.9.0-py2.py3-none-any.whl
      - pypi: https://files.pythonhosted.org/packages/79/4c/7c3275a01e12ef9368a892926ab932b33bb13d55794881e3573482b378a7/Keras_Preprocessing-1.1.2-py2.py3-none-any.whl
      - pypi: https://files.pythonhosted.org/packages/1d/fc/716c1e62e512ef1c160e7984a73a5fc7df45166f2ff3f254e71c58076f7c/libclang-18.1.1-py2.py3-none-manylinux2010_x86_64.whl
      - pypi: https://files.pythonhosted.org/packages/96/2b/34cc11786bc00d0f04d0f5fdc3a2b1ae0b6239eef72d3d345805f9ad92a1/markdown-3.8.2-py3-none-any.whl
      - pypi: https://files.pythonhosted.org/packages/22/35/137da042dfb4720b638d2937c38a9c2df83fe32d20e8c8f3185dbfef05f7/MarkupSafe-3.0.2-cp310-cp310-manylinux_2_17_x86_64.manylinux2014_x86_64.whl
      - pypi: https://files.pythonhosted.org/packages/4b/d7/ecf66c1cd12dc28b4040b15ab4d17b773b87fa9d29ca16125de01adb36cd/numpy-1.26.4-cp310-cp310-manylinux_2_17_x86_64.manylinux2014_x86_64.whl
      - pypi: https://files.pythonhosted.org/packages/ce/41/fdeb62b5437996e841d83d7d2714ca75b886547ee8017ee2fe6ea409d983/nvidia_cublas_cu11-11.10.3.66-py3-none-manylinux1_x86_64.whl
      - pypi: https://files.pythonhosted.org/packages/ef/25/922c5996aada6611b79b53985af7999fc629aee1d5d001b6a22431e18fec/nvidia_cuda_nvrtc_cu11-11.7.99-2-py3-none-manylinux1_x86_64.whl
      - pypi: https://files.pythonhosted.org/packages/36/92/89cf558b514125d2ebd8344dd2f0533404b416486ff681d5434a5832a019/nvidia_cuda_runtime_cu11-11.7.99-py3-none-manylinux1_x86_64.whl
      - pypi: https://files.pythonhosted.org/packages/dc/30/66d4347d6e864334da5bb1c7571305e501dcb11b9155971421bb7bb5315f/nvidia_cudnn_cu11-8.5.0.96-2-py3-none-manylinux1_x86_64.whl
      - pypi: https://files.pythonhosted.org/packages/be/9c/92789c596b8df838baa98fa71844d84283302f7604ed565dafe5a6b5041a/oauthlib-3.3.1-py3-none-any.whl
      - pypi: https://files.pythonhosted.org/packages/23/cd/066e86230ae37ed0be70aae89aabf03ca8d9f39c8aea0dec8029455b5540/opt_einsum-3.4.0-py3-none-any.whl
      - pypi: https://files.pythonhosted.org/packages/20/12/38679034af332785aac8774540895e234f4d07f7545804097de4b666afd8/packaging-25.0-py3-none-any.whl
      - pypi: https://files.pythonhosted.org/packages/31/be/80a9c6f16dfa4d41be3edbe655349778ae30882407fa8275eb46b4d34854/protobuf-3.20.3-cp310-cp310-manylinux_2_12_x86_64.manylinux2010_x86_64.whl
      - pypi: https://files.pythonhosted.org/packages/c8/f1/d6a797abb14f6283c0ddff96bbdd46937f64122b8c925cab503dd37f8214/pyasn1-0.6.1-py3-none-any.whl
      - pypi: https://files.pythonhosted.org/packages/47/8d/d529b5d697919ba8c11ad626e835d4039be708a35b0d22de83a269a6682c/pyasn1_modules-0.4.2-py3-none-any.whl
      - pypi: https://files.pythonhosted.org/packages/1e/db/4254e3eabe8020b458f1a747140d32277ec7a271daf1d235b70dc0b4e6e3/requests-2.32.5-py3-none-any.whl
      - pypi: https://files.pythonhosted.org/packages/3b/5d/63d4ae3b9daea098d5d6f5da83984853c1bbacd5dc826764b249fe119d24/requests_oauthlib-2.0.0-py2.py3-none-any.whl
      - pypi: https://files.pythonhosted.org/packages/64/8d/0133e4eb4beed9e425d9a98ed6e081a55d195481b7632472be1af08d2f6b/rsa-4.9.1-py3-none-any.whl
      - pypi: https://files.pythonhosted.org/packages/a3/dc/17031897dae0efacfea57dfd3a82fdd2a2aeb58e0ff71b77b87e44edc772/setuptools-80.9.0-py3-none-any.whl
      - pypi: https://files.pythonhosted.org/packages/b7/ce/149a00dd41f10bc29e5921b496af8b574d8413afcd5e30dfa0ed46c2cc5e/six-1.17.0-py2.py3-none-any.whl
      - pypi: https://files.pythonhosted.org/packages/0c/d7/5d2f861155e9749f981e6c58f2a482d3ab458bf8c35ae24d4b4d5899ebf9/sysv_ipc-1.1.0.tar.gz
      - pypi: https://files.pythonhosted.org/packages/69/80/a3abccc4ea941c36741751206e40e619afe28652cf76f74cfa4c3e4248ba/tensorboard-2.9.0-py3-none-any.whl
      - pypi: https://files.pythonhosted.org/packages/60/f9/802efd84988bffd9f644c03b6e66fde8e76c3aa33db4279ddd11c5d61f4b/tensorboard_data_server-0.6.1-py3-none-manylinux2010_x86_64.whl
      - pypi: https://files.pythonhosted.org/packages/e0/68/e8ecfac5dd594b676c23a7f07ea34c197d7d69b3313afdf8ac1b0a9905a2/tensorboard_plugin_wit-1.8.1-py3-none-any.whl
      - pypi: https://files.pythonhosted.org/packages/79/97/f2b50104b3a0d75150c71fd94cb1763a46a60b75da503d7ad1ff7cf9088e/tensorflow-2.9.0-cp310-cp310-manylinux_2_17_x86_64.manylinux2014_x86_64.whl
      - pypi: https://files.pythonhosted.org/packages/61/e1/a72ec68403d91ba433018db58859fd4706642aa9d0fb44ff778934fc4c2c/tensorflow_estimator-2.9.0-py2.py3-none-any.whl
      - pypi: https://files.pythonhosted.org/packages/f3/48/47b7d25572961a48b1de3729b7a11e835b888e41e0203cca82df95d23b91/tensorflow_io_gcs_filesystem-0.37.1-cp310-cp310-manylinux_2_17_x86_64.manylinux2014_x86_64.whl
      - pypi: https://files.pythonhosted.org/packages/83/4b/f71a84a44192ff5fc57c2a82b9b015876c3244d3ef478a8910b701515ed0/torch-1.13.0-cp310-cp310-manylinux1_x86_64.whl
      - pypi: https://files.pythonhosted.org/packages/a7/c2/fe1e52489ae3122415c51f387e221dd0773709bad6c6cdaa599e8a2c5185/urllib3-2.5.0-py3-none-any.whl
      - pypi: https://files.pythonhosted.org/packages/52/24/ab44c871b0f07f491e5d2ad12c9bd7358e527510618cb1b803a88e986db1/werkzeug-3.1.3-py3-none-any.whl
      - pypi: https://files.pythonhosted.org/packages/0b/2c/87f3254fd8ffd29e4c02732eee68a83a1d3c346ae39bc6822dcbcb697f2b/wheel-0.45.1-py3-none-any.whl
      - pypi: https://files.pythonhosted.org/packages/de/17/9f8f86755c191d6779d7ddead1a53c7a8aa18bccb7cea8e7e72dfa6a8a09/wrapt-1.17.3-cp310-cp310-manylinux1_x86_64.manylinux_2_28_x86_64.manylinux_2_5_x86_64.whl
      - pypi: https://files.pythonhosted.org/packages/b9/0b/f15168475e5493ea44fa3c5e642903f05d2b870db71ad05662ed87a06976/z3_solver-4.15.3.0-py3-none-manylinux_2_17_x86_64.manylinux2014_x86_64.whl
packages:
- conda: https://conda.anaconda.org/conda-forge/linux-64/_libgcc_mutex-0.1-conda_forge.tar.bz2
  sha256: fe51de6107f9edc7aa4f786a70f4a883943bc9d39b3bb7307c04c41410990726
  md5: d7c89558ba9fa0495403155b64376d81
  license: None
  purls: []
  size: 2562
  timestamp: 1578324546067
- conda: https://conda.anaconda.org/conda-forge/linux-64/_openmp_mutex-4.5-2_gnu.tar.bz2
  build_number: 16
  sha256: fbe2c5e56a653bebb982eda4876a9178aedfc2b545f25d0ce9c4c0b508253d22
  md5: 73aaf86a425cc6e73fcf236a5a46396d
  depends:
  - _libgcc_mutex 0.1 conda_forge
  - libgomp >=7.5.0
  constrains:
  - openmp_impl 9999
  license: BSD-3-Clause
  license_family: BSD
  purls: []
  size: 23621
  timestamp: 1650670423406
- pypi: https://files.pythonhosted.org/packages/8f/aa/ba0014cc4659328dc818a28827be78e6d97312ab0cb98105a770924dc11e/absl_py-2.3.1-py3-none-any.whl
  name: absl-py
  version: 2.3.1
  sha256: eeecf07f0c2a93ace0772c92e596ace6d3d3996c042b2128459aaae2a76de11d
  requires_python: '>=3.8'
- pypi: https://files.pythonhosted.org/packages/2b/03/13dde6512ad7b4557eb792fbcf0c653af6076b81e5941d36ec61f7ce6028/astunparse-1.6.3-py2.py3-none-any.whl
  name: astunparse
  version: 1.6.3
  sha256: c2652417f2c8b5bb325c885ae329bdf3f86424075c4fd1a128674bc6fba4b8e8
  requires_dist:
  - wheel>=0.23.0,<1.0
  - six>=1.6.1,<2.0
- conda: https://conda.anaconda.org/conda-forge/noarch/beautifulsoup4-4.13.5-pyha770c72_0.conda
  sha256: d2124c0ea13527c7f54582269b3ae19541141a3740d6d779e7aa95aa82eaf561
  md5: de0fd9702fd4c1186e930b8c35af6b6b
  depends:
  - python >=3.10
  - soupsieve >=1.2
  - typing-extensions
  license: MIT
  license_family: MIT
  purls:
  - pkg:pypi/beautifulsoup4?source=compressed-mapping
  size: 88278
  timestamp: 1756094375546
- conda: https://conda.anaconda.org/conda-forge/noarch/bs4-4.13.5-hd8ed1ab_0.conda
  sha256: 8ddd57057de1f1de85ee4081d9d037562df1c3bcb4ff6ed1cc6cc9ff8b4c6d7c
  md5: e667087e6559fa092e92a4215a340fc8
  depends:
  - beautifulsoup4 >=4.13.5,<4.13.6.0a0
  license: MIT
  license_family: MIT
  purls: []
  size: 7180
  timestamp: 1756094376557
- conda: https://conda.anaconda.org/conda-forge/linux-64/bzip2-1.0.8-h4bc722e_7.conda
  sha256: 5ced96500d945fb286c9c838e54fa759aa04a7129c59800f0846b4335cee770d
  md5: 62ee74e96c5ebb0af99386de58cf9553
  depends:
  - __glibc >=2.17,<3.0.a0
  - libgcc-ng >=12
  license: bzip2-1.0.6
  license_family: BSD
  purls: []
  size: 252783
  timestamp: 1720974456583
- conda: https://conda.anaconda.org/conda-forge/noarch/ca-certificates-2025.8.3-hbd8a1cb_0.conda
  sha256: 837b795a2bb39b75694ba910c13c15fa4998d4bb2a622c214a6a5174b2ae53d1
  md5: 74784ee3d225fc3dca89edb635b4e5cc
  depends:
  - __unix
  license: ISC
  purls: []
  size: 154402
  timestamp: 1754210968730
- pypi: https://files.pythonhosted.org/packages/72/76/20fa66124dbe6be5cafeb312ece67de6b61dd91a0247d1ea13db4ebb33c2/cachetools-5.5.2-py3-none-any.whl
  name: cachetools
  version: 5.5.2
  sha256: d26a22bcc62eb95c3beabd9f1ee5e820d3d2704fe2967cbe350e20c8ffcd3f0a
  requires_python: '>=3.7'
- pypi: https://files.pythonhosted.org/packages/e5/48/1549795ba7742c948d2ad169c1c8cdbae65bc450d6cd753d124b17c8cd32/certifi-2025.8.3-py3-none-any.whl
  name: certifi
  version: 2025.8.3
  sha256: f6c12493cfb1b06ba2ff328595af9350c65d6644968e5d3a2ffd78699af217a5
  requires_python: '>=3.7'
- pypi: https://files.pythonhosted.org/packages/65/1a/7425c952944a6521a9cfa7e675343f83fd82085b8af2b1373a2409c683dc/charset_normalizer-3.4.3-cp310-cp310-manylinux2014_x86_64.manylinux_2_17_x86_64.manylinux_2_28_x86_64.whl
  name: charset-normalizer
  version: 3.4.3
  sha256: d0e909868420b7049dafd3a31d45125b31143eec59235311fc4c57ea26a4acd2
  requires_python: '>=3.7'
- pypi: https://files.pythonhosted.org/packages/eb/26/712e578c5f14e26ae3314c39a1bdc4eb2ec2f4ddc89b708cf8e0a0d20423/flatbuffers-1.12-py2.py3-none-any.whl
  name: flatbuffers
  version: '1.12'
  sha256: 9e9ef47fa92625c4721036e7c4124182668dc6021d9e7c73704edd395648deb9
- pypi: https://files.pythonhosted.org/packages/b6/48/583c032b79ae5b3daa02225a675aeb673e58d2cb698e78510feceb11958c/gast-0.4.0-py3-none-any.whl
  name: gast
  version: 0.4.0
  sha256: b7adcdd5adbebf1adf17378da5ba3f543684dbec47b1cda1f3997e573cd542c4
  requires_python: '>=2.7,!=3.0.*,!=3.1.*,!=3.2.*,!=3.3.*'
- pypi: https://files.pythonhosted.org/packages/17/63/b19553b658a1692443c62bd07e5868adaa0ad746a0751ba62c59568cd45b/google_auth-2.40.3-py2.py3-none-any.whl
  name: google-auth
  version: 2.40.3
  sha256: 1370d4593e86213563547f97a92752fc658456fe4514c809544f330fed45a7ca
  requires_dist:
  - cachetools>=2.0.0,<6.0
  - pyasn1-modules>=0.2.1
  - rsa>=3.1.4,<5
  - aiohttp>=3.6.2,<4.0.0 ; extra == 'aiohttp'
  - requests>=2.20.0,<3.0.0 ; extra == 'aiohttp'
  - cryptography ; extra == 'enterprise-cert'
  - pyopenssl ; extra == 'enterprise-cert'
  - pyjwt>=2.0 ; extra == 'pyjwt'
  - cryptography>=38.0.3 ; extra == 'pyjwt'
  - cryptography<39.0.0 ; python_full_version < '3.8' and extra == 'pyjwt'
  - pyopenssl>=20.0.0 ; extra == 'pyopenssl'
  - cryptography>=38.0.3 ; extra == 'pyopenssl'
  - cryptography<39.0.0 ; python_full_version < '3.8' and extra == 'pyopenssl'
  - pyu2f>=0.1.5 ; extra == 'reauth'
  - requests>=2.20.0,<3.0.0 ; extra == 'requests'
  - grpcio ; extra == 'testing'
  - flask ; extra == 'testing'
  - freezegun ; extra == 'testing'
  - mock ; extra == 'testing'
  - oauth2client ; extra == 'testing'
  - pyjwt>=2.0 ; extra == 'testing'
  - cryptography>=38.0.3 ; extra == 'testing'
  - pytest ; extra == 'testing'
  - pytest-cov ; extra == 'testing'
  - pytest-localserver ; extra == 'testing'
  - pyopenssl>=20.0.0 ; extra == 'testing'
  - pyu2f>=0.1.5 ; extra == 'testing'
  - responses ; extra == 'testing'
  - urllib3 ; extra == 'testing'
  - packaging ; extra == 'testing'
  - aiohttp>=3.6.2,<4.0.0 ; extra == 'testing'
  - requests>=2.20.0,<3.0.0 ; extra == 'testing'
  - aioresponses ; extra == 'testing'
  - pytest-asyncio ; extra == 'testing'
  - pyopenssl<24.3.0 ; extra == 'testing'
  - aiohttp<3.10.0 ; extra == 'testing'
  - cryptography<39.0.0 ; python_full_version < '3.8' and extra == 'testing'
  - urllib3 ; extra == 'urllib3'
  - packaging ; extra == 'urllib3'
  requires_python: '>=3.7'
- pypi: https://files.pythonhosted.org/packages/b1/0e/0636cc1448a7abc444fb1b3a63655e294e0d2d49092dc3de05241be6d43c/google_auth_oauthlib-0.4.6-py2.py3-none-any.whl
  name: google-auth-oauthlib
  version: 0.4.6
  sha256: 3f2a6e802eebbb6fb736a370fbf3b055edcb6b52878bf2f26330b5e041316c73
  requires_dist:
  - google-auth>=1.0.0
  - requests-oauthlib>=0.7.0
  - click>=6.0.0 ; extra == 'tool'
  requires_python: '>=3.6'
- pypi: https://files.pythonhosted.org/packages/a3/de/c648ef6835192e6e2cc03f40b19eeda4382c49b5bafb43d88b931c4c74ac/google_pasta-0.2.0-py3-none-any.whl
  name: google-pasta
  version: 0.2.0
  sha256: b32482794a366b5366a32c92a9a9201b107821889935a02b3e51f6b432ea84ed
  requires_dist:
  - six
- pypi: https://files.pythonhosted.org/packages/fd/75/a1991dd64b331d199935e096cc9daa3415ee5ccbe9f909aa48eded7bba34/grpcio-1.74.0-cp310-cp310-manylinux_2_17_x86_64.manylinux2014_x86_64.whl
  name: grpcio
  version: 1.74.0
  sha256: c3d7bd6e3929fd2ea7fbc3f562e4987229ead70c9ae5f01501a46701e08f1ad9
  requires_dist:
  - grpcio-tools>=1.74.0 ; extra == 'protobuf'
  requires_python: '>=3.9'
- pypi: https://files.pythonhosted.org/packages/b1/45/e1a754dc7cd465ba35e438e28557119221ac89b20aaebef48282654e3dc7/h5py-3.14.0-cp310-cp310-manylinux_2_17_x86_64.manylinux2014_x86_64.whl
  name: h5py
  version: 3.14.0
  sha256: 1223b902ef0b5d90bcc8a4778218d6d6cd0f5561861611eda59fa6c52b922f4d
  requires_dist:
  - numpy>=1.19.3
  requires_python: '>=3.9'
- pypi: https://files.pythonhosted.org/packages/76/c6/c88e154df9c4e1a2a66ccf0005a88dfb2650c1dffb6f5ce603dfbd452ce3/idna-3.10-py3-none-any.whl
  name: idna
  version: '3.10'
  sha256: 946d195a0d259cbba61165e88e65941f16e9b36ea6ddb97f00452bae8b1287d3
  requires_dist:
  - ruff>=0.6.2 ; extra == 'all'
  - mypy>=1.11.2 ; extra == 'all'
  - pytest>=8.3.2 ; extra == 'all'
  - flake8>=7.1.1 ; extra == 'all'
  requires_python: '>=3.6'
- pypi: https://files.pythonhosted.org/packages/ff/ff/f25909606aed26981a8bd6d263f89d64a20ca5e5316e6aafb4c75d9ec8ae/keras-2.9.0-py2.py3-none-any.whl
  name: keras
  version: 2.9.0
  sha256: 55911256f89cfc9343c9fbe4b61ec45a2d33d89729cbe1ab9dcacf8b07b8b6ab
- pypi: https://files.pythonhosted.org/packages/79/4c/7c3275a01e12ef9368a892926ab932b33bb13d55794881e3573482b378a7/Keras_Preprocessing-1.1.2-py2.py3-none-any.whl
  name: keras-preprocessing
  version: 1.1.2
  sha256: 7b82029b130ff61cc99b55f3bd27427df4838576838c5b2f65940e4fcec99a7b
  requires_dist:
  - numpy>=1.9.1
  - six>=1.9.0
  - scipy>=0.14 ; extra == 'image'
  - pillow>=5.2.0 ; extra == 'image'
  - flake8 ; extra == 'pep8'
  - pandas ; extra == 'tests'
  - pillow ; extra == 'tests'
  - tensorflow ; extra == 'tests'
  - keras ; extra == 'tests'
  - pytest ; extra == 'tests'
  - pytest-xdist ; extra == 'tests'
  - pytest-cov ; extra == 'tests'
- conda: https://conda.anaconda.org/conda-forge/linux-64/ld_impl_linux-64-2.44-h1423503_1.conda
  sha256: 1a620f27d79217c1295049ba214c2f80372062fd251b569e9873d4a953d27554
  md5: 0be7c6e070c19105f966d3758448d018
  depends:
  - __glibc >=2.17,<3.0.a0
  constrains:
  - binutils_impl_linux-64 2.44
  license: GPL-3.0-only
  license_family: GPL
  purls: []
  size: 676044
  timestamp: 1752032747103
- pypi: https://files.pythonhosted.org/packages/1d/fc/716c1e62e512ef1c160e7984a73a5fc7df45166f2ff3f254e71c58076f7c/libclang-18.1.1-py2.py3-none-manylinux2010_x86_64.whl
  name: libclang
  version: 18.1.1
  sha256: c533091d8a3bbf7460a00cb6c1a71da93bffe148f172c7d03b1c31fbf8aa2a0b
- conda: https://conda.anaconda.org/conda-forge/linux-64/libffi-3.4.6-h2dba641_1.conda
  sha256: 764432d32db45466e87f10621db5b74363a9f847d2b8b1f9743746cd160f06ab
  md5: ede4673863426c0883c0063d853bbd85
  depends:
  - __glibc >=2.17,<3.0.a0
  - libgcc >=13
  license: MIT
  license_family: MIT
  purls: []
  size: 57433
  timestamp: 1743434498161
- conda: https://conda.anaconda.org/conda-forge/linux-64/libgcc-15.1.0-h767d61c_4.conda
  sha256: 144e35c1c2840f2dc202f6915fc41879c19eddbb8fa524e3ca4aa0d14018b26f
  md5: f406dcbb2e7bef90d793e50e79a2882b
  depends:
  - __glibc >=2.17,<3.0.a0
  - _openmp_mutex >=4.5
  constrains:
  - libgcc-ng ==15.1.0=*_4
  - libgomp 15.1.0 h767d61c_4
  license: GPL-3.0-only WITH GCC-exception-3.1
  license_family: GPL
  purls: []
  size: 824153
  timestamp: 1753903866511
- conda: https://conda.anaconda.org/conda-forge/linux-64/libgcc-ng-15.1.0-h69a702a_4.conda
  sha256: 76ceac93ed98f208363d6e9c75011b0ff7b97b20f003f06461a619557e726637
  md5: 28771437ffcd9f3417c66012dc49a3be
  depends:
  - libgcc 15.1.0 h767d61c_4
  license: GPL-3.0-only WITH GCC-exception-3.1
  license_family: GPL
  purls: []
  size: 29249
  timestamp: 1753903872571
- conda: https://conda.anaconda.org/conda-forge/linux-64/libgomp-15.1.0-h767d61c_4.conda
  sha256: e0487a8fec78802ac04da0ac1139c3510992bc58a58cde66619dde3b363c2933
  md5: 3baf8976c96134738bba224e9ef6b1e5
  depends:
  - __glibc >=2.17,<3.0.a0
  license: GPL-3.0-only WITH GCC-exception-3.1
  license_family: GPL
  purls: []
  size: 447289
  timestamp: 1753903801049
- conda: https://conda.anaconda.org/conda-forge/linux-64/liblzma-5.8.1-hb9d3cd8_2.conda
  sha256: f2591c0069447bbe28d4d696b7fcb0c5bd0b4ac582769b89addbcf26fb3430d8
  md5: 1a580f7796c7bf6393fddb8bbbde58dc
  depends:
  - __glibc >=2.17,<3.0.a0
  - libgcc >=13
  constrains:
  - xz 5.8.1.*
  license: 0BSD
  purls: []
  size: 112894
  timestamp: 1749230047870
- conda: https://conda.anaconda.org/conda-forge/linux-64/liblzma-devel-5.8.1-hb9d3cd8_2.conda
  sha256: 329e66330a8f9cbb6a8d5995005478188eb4ba8a6b6391affa849744f4968492
  md5: f61edadbb301530bd65a32646bd81552
  depends:
  - __glibc >=2.17,<3.0.a0
  - libgcc >=13
  - liblzma 5.8.1 hb9d3cd8_2
  license: 0BSD
  purls: []
  size: 439868
  timestamp: 1749230061968
- conda: https://conda.anaconda.org/conda-forge/linux-64/libnsl-2.0.1-hb9d3cd8_1.conda
  sha256: 927fe72b054277cde6cb82597d0fcf6baf127dcbce2e0a9d8925a68f1265eef5
  md5: d864d34357c3b65a4b731f78c0801dc4
  depends:
  - __glibc >=2.17,<3.0.a0
  - libgcc >=13
  license: LGPL-2.1-only
  license_family: GPL
  purls: []
  size: 33731
  timestamp: 1750274110928
- conda: https://conda.anaconda.org/conda-forge/linux-64/libsqlite-3.50.4-h0c1763c_0.conda
  sha256: 6d9c32fc369af5a84875725f7ddfbfc2ace795c28f246dc70055a79f9b2003da
  md5: 0b367fad34931cb79e0d6b7e5c06bb1c
  depends:
  - __glibc >=2.17,<3.0.a0
  - libgcc >=14
  - libzlib >=1.3.1,<2.0a0
  license: blessing
  purls: []
  size: 932581
  timestamp: 1753948484112
- conda: https://conda.anaconda.org/conda-forge/linux-64/libuuid-2.38.1-h0b41bf4_0.conda
  sha256: 787eb542f055a2b3de553614b25f09eefb0a0931b0c87dbcce6efdfd92f04f18
  md5: 40b61aab5c7ba9ff276c41cfffe6b80b
  depends:
  - libgcc-ng >=12
  license: BSD-3-Clause
  license_family: BSD
  purls: []
  size: 33601
  timestamp: 1680112270483
- conda: https://conda.anaconda.org/conda-forge/linux-64/libzlib-1.3.1-hb9d3cd8_2.conda
  sha256: d4bfe88d7cb447768e31650f06257995601f89076080e76df55e3112d4e47dc4
  md5: edb0dca6bc32e4f4789199455a1dbeb8
  depends:
  - __glibc >=2.17,<3.0.a0
  - libgcc >=13
  constrains:
  - zlib 1.3.1 *_2
  license: Zlib
  license_family: Other
  purls: []
  size: 60963
  timestamp: 1727963148474
- pypi: https://files.pythonhosted.org/packages/96/2b/34cc11786bc00d0f04d0f5fdc3a2b1ae0b6239eef72d3d345805f9ad92a1/markdown-3.8.2-py3-none-any.whl
  name: markdown
  version: 3.8.2
  sha256: 5c83764dbd4e00bdd94d85a19b8d55ccca20fe35b2e678a1422b380324dd5f24
  requires_dist:
  - importlib-metadata>=4.4 ; python_full_version < '3.10'
  - coverage ; extra == 'testing'
  - pyyaml ; extra == 'testing'
  - mkdocs>=1.6 ; extra == 'docs'
  - mkdocs-nature>=0.6 ; extra == 'docs'
  - mdx-gh-links>=0.2 ; extra == 'docs'
  - mkdocstrings[python] ; extra == 'docs'
  - mkdocs-gen-files ; extra == 'docs'
  - mkdocs-section-index ; extra == 'docs'
  - mkdocs-literate-nav ; extra == 'docs'
  requires_python: '>=3.9'
- pypi: https://files.pythonhosted.org/packages/22/35/137da042dfb4720b638d2937c38a9c2df83fe32d20e8c8f3185dbfef05f7/MarkupSafe-3.0.2-cp310-cp310-manylinux_2_17_x86_64.manylinux2014_x86_64.whl
  name: markupsafe
  version: 3.0.2
  sha256: bbcb445fa71794da8f178f0f6d66789a28d7319071af7a496d4d507ed566270d
  requires_python: '>=3.9'
- conda: https://conda.anaconda.org/conda-forge/linux-64/ncurses-6.5-h2d0b736_3.conda
  sha256: 3fde293232fa3fca98635e1167de6b7c7fda83caf24b9d6c91ec9eefb4f4d586
  md5: 47e340acb35de30501a76c7c799c41d7
  depends:
  - __glibc >=2.17,<3.0.a0
  - libgcc >=13
  license: X11 AND BSD-3-Clause
  purls: []
  size: 891641
  timestamp: 1738195959188
- pypi: https://files.pythonhosted.org/packages/4b/d7/ecf66c1cd12dc28b4040b15ab4d17b773b87fa9d29ca16125de01adb36cd/numpy-1.26.4-cp310-cp310-manylinux_2_17_x86_64.manylinux2014_x86_64.whl
  name: numpy
  version: 1.26.4
  sha256: ffa75af20b44f8dba823498024771d5ac50620e6915abac414251bd971b4529f
  requires_python: '>=3.9'
- pypi: https://files.pythonhosted.org/packages/ce/41/fdeb62b5437996e841d83d7d2714ca75b886547ee8017ee2fe6ea409d983/nvidia_cublas_cu11-11.10.3.66-py3-none-manylinux1_x86_64.whl
  name: nvidia-cublas-cu11
  version: 11.10.3.66
  sha256: d32e4d75f94ddfb93ea0a5dda08389bcc65d8916a25cb9f37ac89edaeed3bded
  requires_dist:
  - setuptools
  - wheel
  requires_python: '>=3'
- pypi: https://files.pythonhosted.org/packages/ef/25/922c5996aada6611b79b53985af7999fc629aee1d5d001b6a22431e18fec/nvidia_cuda_nvrtc_cu11-11.7.99-2-py3-none-manylinux1_x86_64.whl
  name: nvidia-cuda-nvrtc-cu11
  version: 11.7.99
  sha256: 9f1562822ea264b7e34ed5930567e89242d266448e936b85bc97a3370feabb03
  requires_python: '>=3'
- pypi: https://files.pythonhosted.org/packages/36/92/89cf558b514125d2ebd8344dd2f0533404b416486ff681d5434a5832a019/nvidia_cuda_runtime_cu11-11.7.99-py3-none-manylinux1_x86_64.whl
  name: nvidia-cuda-runtime-cu11
  version: 11.7.99
  sha256: cc768314ae58d2641f07eac350f40f99dcb35719c4faff4bc458a7cd2b119e31
  requires_dist:
  - setuptools
  - wheel
  requires_python: '>=3'
- pypi: https://files.pythonhosted.org/packages/dc/30/66d4347d6e864334da5bb1c7571305e501dcb11b9155971421bb7bb5315f/nvidia_cudnn_cu11-8.5.0.96-2-py3-none-manylinux1_x86_64.whl
  name: nvidia-cudnn-cu11
  version: 8.5.0.96
  sha256: 402f40adfc6f418f9dae9ab402e773cfed9beae52333f6d86ae3107a1b9527e7
  requires_dist:
  - nvidia-cublas-cu11
  requires_python: '>=3'
- pypi: https://files.pythonhosted.org/packages/be/9c/92789c596b8df838baa98fa71844d84283302f7604ed565dafe5a6b5041a/oauthlib-3.3.1-py3-none-any.whl
  name: oauthlib
  version: 3.3.1
  sha256: 88119c938d2b8fb88561af5f6ee0eec8cc8d552b7bb1f712743136eb7523b7a1
  requires_dist:
  - cryptography>=3.0.0 ; extra == 'rsa'
  - cryptography>=3.0.0 ; extra == 'signedtoken'
  - pyjwt>=2.0.0,<3 ; extra == 'signedtoken'
  - blinker>=1.4.0 ; extra == 'signals'
  requires_python: '>=3.8'
- conda: https://conda.anaconda.org/conda-forge/linux-64/openssl-3.5.2-h26f9b46_0.conda
  sha256: c9f54d4e8212f313be7b02eb962d0cb13a8dae015683a403d3accd4add3e520e
  md5: ffffb341206dd0dab0c36053c048d621
  depends:
  - __glibc >=2.17,<3.0.a0
  - ca-certificates
  - libgcc >=14
  license: Apache-2.0
  license_family: Apache
  purls: []
  size: 3128847
  timestamp: 1754465526100
- pypi: https://files.pythonhosted.org/packages/23/cd/066e86230ae37ed0be70aae89aabf03ca8d9f39c8aea0dec8029455b5540/opt_einsum-3.4.0-py3-none-any.whl
  name: opt-einsum
  version: 3.4.0
  sha256: 69bb92469f86a1565195ece4ac0323943e83477171b91d24c35afe028a90d7cd
  requires_python: '>=3.8'
- pypi: https://files.pythonhosted.org/packages/20/12/38679034af332785aac8774540895e234f4d07f7545804097de4b666afd8/packaging-25.0-py3-none-any.whl
  name: packaging
  version: '25.0'
  sha256: 29572ef2b1f17581046b3a2227d5c611fb25ec70ca1ba8554b24b0e69331a484
  requires_python: '>=3.8'
- pypi: https://files.pythonhosted.org/packages/31/be/80a9c6f16dfa4d41be3edbe655349778ae30882407fa8275eb46b4d34854/protobuf-3.20.3-cp310-cp310-manylinux_2_12_x86_64.manylinux2010_x86_64.whl
  name: protobuf
  version: 3.20.3
  sha256: 9aae4406ea63d825636cc11ffb34ad3379335803216ee3a856787bcf5ccc751e
  requires_python: '>=3.7'
- pypi: https://files.pythonhosted.org/packages/c8/f1/d6a797abb14f6283c0ddff96bbdd46937f64122b8c925cab503dd37f8214/pyasn1-0.6.1-py3-none-any.whl
  name: pyasn1
  version: 0.6.1
  sha256: 0d632f46f2ba09143da3a8afe9e33fb6f92fa2320ab7e886e2d0f7672af84629
  requires_python: '>=3.8'
- pypi: https://files.pythonhosted.org/packages/47/8d/d529b5d697919ba8c11ad626e835d4039be708a35b0d22de83a269a6682c/pyasn1_modules-0.4.2-py3-none-any.whl
  name: pyasn1-modules
  version: 0.4.2
  sha256: 29253a9207ce32b64c3ac6600edc75368f98473906e8fd1043bd6b5b1de2c14a
  requires_dist:
  - pyasn1>=0.6.1,<0.7.0
  requires_python: '>=3.8'
- conda: https://conda.anaconda.org/conda-forge/linux-64/python-3.10.0-h543edf9_3_cpython.tar.bz2
  build_number: 3
  sha256: 0661f43d7bc446c22bfcf1730ad5c7a2ac695c696ba4609bac896cefff879431
  md5: 67cdff58413ce9f034fb971188060313
  depends:
  - bzip2 >=1.0.8,<2.0a0
  - ld_impl_linux-64 >=2.36.1
  - libffi >=3.4.2,<3.5.0a0
  - libgcc-ng >=9.4.0
  - libnsl >=2.0.0,<2.1.0a0
  - libuuid >=2.32.1,<3.0a0
  - libzlib >=1.2.11,<2.0.0a0
  - ncurses >=6.2,<7.0.0a0
  - openssl >=3.0.0,<4.0a0
  - readline >=8.1,<9.0a0
  - sqlite >=3.36.0,<4.0a0
  - tk >=8.6.11,<8.7.0a0
  - tzdata
  - xz >=5.2.5,<6.0.0a0
  constrains:
  - python_abi 3.10.* *_cp310
  license: Python-2.0
  purls: []
  size: 31281695
  timestamp: 1637376125446
- conda: https://conda.anaconda.org/conda-forge/linux-64/readline-8.2-h8c095d6_2.conda
  sha256: 2d6d0c026902561ed77cd646b5021aef2d4db22e57a5b0178dfc669231e06d2c
  md5: 283b96675859b20a825f8fa30f311446
  depends:
  - libgcc >=13
  - ncurses >=6.5,<7.0a0
  license: GPL-3.0-only
  license_family: GPL
  purls: []
  size: 282480
  timestamp: 1740379431762
- pypi: https://files.pythonhosted.org/packages/1e/db/4254e3eabe8020b458f1a747140d32277ec7a271daf1d235b70dc0b4e6e3/requests-2.32.5-py3-none-any.whl
  name: requests
  version: 2.32.5
  sha256: 2462f94637a34fd532264295e186976db0f5d453d1cdd31473c85a6a161affb6
  requires_dist:
  - charset-normalizer>=2,<4
  - idna>=2.5,<4
  - urllib3>=1.21.1,<3
  - certifi>=2017.4.17
  - pysocks>=1.5.6,!=1.5.7 ; extra == 'socks'
  - chardet>=3.0.2,<6 ; extra == 'use-chardet-on-py3'
  requires_python: '>=3.9'
- pypi: https://files.pythonhosted.org/packages/3b/5d/63d4ae3b9daea098d5d6f5da83984853c1bbacd5dc826764b249fe119d24/requests_oauthlib-2.0.0-py2.py3-none-any.whl
  name: requests-oauthlib
  version: 2.0.0
  sha256: 7dd8a5c40426b779b0868c404bdef9768deccf22749cde15852df527e6269b36
  requires_dist:
  - oauthlib>=3.0.0
  - requests>=2.0.0
  - oauthlib[signedtoken]>=3.0.0 ; extra == 'rsa'
  requires_python: '>=3.4'
- pypi: https://files.pythonhosted.org/packages/64/8d/0133e4eb4beed9e425d9a98ed6e081a55d195481b7632472be1af08d2f6b/rsa-4.9.1-py3-none-any.whl
  name: rsa
  version: 4.9.1
  sha256: 68635866661c6836b8d39430f97a996acbd61bfa49406748ea243539fe239762
  requires_dist:
  - pyasn1>=0.1.3
  requires_python: '>=3.6,<4'
- pypi: https://files.pythonhosted.org/packages/a3/dc/17031897dae0efacfea57dfd3a82fdd2a2aeb58e0ff71b77b87e44edc772/setuptools-80.9.0-py3-none-any.whl
  name: setuptools
  version: 80.9.0
  sha256: 062d34222ad13e0cc312a4c02d73f059e86a4acbfbdea8f8f76b28c99f306922
  requires_dist:
  - pytest>=6,!=8.1.* ; extra == 'test'
  - virtualenv>=13.0.0 ; extra == 'test'
  - wheel>=0.44.0 ; extra == 'test'
  - pip>=19.1 ; extra == 'test'
  - packaging>=24.2 ; extra == 'test'
  - jaraco-envs>=2.2 ; extra == 'test'
  - pytest-xdist>=3 ; extra == 'test'
  - jaraco-path>=3.7.2 ; extra == 'test'
  - build[virtualenv]>=1.0.3 ; extra == 'test'
  - filelock>=3.4.0 ; extra == 'test'
  - ini2toml[lite]>=0.14 ; extra == 'test'
  - tomli-w>=1.0.0 ; extra == 'test'
  - pytest-timeout ; extra == 'test'
  - pytest-perf ; sys_platform != 'cygwin' and extra == 'test'
  - jaraco-develop>=7.21 ; python_full_version >= '3.9' and sys_platform != 'cygwin' and extra == 'test'
  - pytest-home>=0.5 ; extra == 'test'
  - pytest-subprocess ; extra == 'test'
  - pyproject-hooks!=1.1 ; extra == 'test'
  - jaraco-test>=5.5 ; extra == 'test'
  - sphinx>=3.5 ; extra == 'doc'
  - jaraco-packaging>=9.3 ; extra == 'doc'
  - rst-linker>=1.9 ; extra == 'doc'
  - furo ; extra == 'doc'
  - sphinx-lint ; extra == 'doc'
  - jaraco-tidelift>=1.4 ; extra == 'doc'
  - pygments-github-lexers==0.0.5 ; extra == 'doc'
  - sphinx-favicon ; extra == 'doc'
  - sphinx-inline-tabs ; extra == 'doc'
  - sphinx-reredirects ; extra == 'doc'
  - sphinxcontrib-towncrier ; extra == 'doc'
  - sphinx-notfound-page>=1,<2 ; extra == 'doc'
  - pyproject-hooks!=1.1 ; extra == 'doc'
  - towncrier<24.7 ; extra == 'doc'
  - packaging>=24.2 ; extra == 'core'
  - more-itertools>=8.8 ; extra == 'core'
  - jaraco-text>=3.7 ; extra == 'core'
  - importlib-metadata>=6 ; python_full_version < '3.10' and extra == 'core'
  - tomli>=2.0.1 ; python_full_version < '3.11' and extra == 'core'
  - wheel>=0.43.0 ; extra == 'core'
  - platformdirs>=4.2.2 ; extra == 'core'
  - jaraco-functools>=4 ; extra == 'core'
  - more-itertools ; extra == 'core'
  - pytest-checkdocs>=2.4 ; extra == 'check'
  - pytest-ruff>=0.2.1 ; sys_platform != 'cygwin' and extra == 'check'
  - ruff>=0.8.0 ; sys_platform != 'cygwin' and extra == 'check'
  - pytest-cov ; extra == 'cover'
  - pytest-enabler>=2.2 ; extra == 'enabler'
  - pytest-mypy ; extra == 'type'
  - mypy==1.14.* ; extra == 'type'
  - importlib-metadata>=7.0.2 ; python_full_version < '3.10' and extra == 'type'
  - jaraco-develop>=7.21 ; sys_platform != 'cygwin' and extra == 'type'
  requires_python: '>=3.9'
- pypi: https://files.pythonhosted.org/packages/b7/ce/149a00dd41f10bc29e5921b496af8b574d8413afcd5e30dfa0ed46c2cc5e/six-1.17.0-py2.py3-none-any.whl
  name: six
  version: 1.17.0
  sha256: 4721f391ed90541fddacab5acf947aa0d3dc7d27b2e1e8eda2be8970586c3274
  requires_python: '>=2.7,!=3.0.*,!=3.1.*,!=3.2.*'
- conda: https://conda.anaconda.org/conda-forge/noarch/soupsieve-2.7-pyhd8ed1ab_0.conda
  sha256: 7518506cce9a736042132f307b3f4abce63bf076f5fb07c1f4e506c0b214295a
  md5: fb32097c717486aa34b38a9db57eb49e
  depends:
  - python >=3.9
  license: MIT
  license_family: MIT
  purls:
  - pkg:pypi/soupsieve?source=hash-mapping
  size: 37773
  timestamp: 1746563720271
- conda: https://conda.anaconda.org/conda-forge/linux-64/sqlite-3.50.4-hbc0de68_0.conda
  sha256: ea12e0714d70a536abe5968df612c57a966aa93c5a152cc4a1974046248d72a4
  md5: 8376bd3854542be0c8c7cd07525d31c6
  depends:
  - __glibc >=2.17,<3.0.a0
  - libgcc >=14
  - libsqlite 3.50.4 h0c1763c_0
  - libzlib >=1.3.1,<2.0a0
  - ncurses >=6.5,<7.0a0
  - readline >=8.2,<9.0a0
  license: blessing
  purls: []
  size: 166233
  timestamp: 1753948493149
- pypi: https://files.pythonhosted.org/packages/0c/d7/5d2f861155e9749f981e6c58f2a482d3ab458bf8c35ae24d4b4d5899ebf9/sysv_ipc-1.1.0.tar.gz
  name: sysv-ipc
  version: 1.1.0
  sha256: 0f063cbd36ec232032e425769ebc871f195a7d183b9af32f9901589ea7129ac3
- pypi: https://files.pythonhosted.org/packages/69/80/a3abccc4ea941c36741751206e40e619afe28652cf76f74cfa4c3e4248ba/tensorboard-2.9.0-py3-none-any.whl
  name: tensorboard
  version: 2.9.0
  sha256: bd78211076dca5efa27260afacfaa96cd05c7db12a6c09cc76a1d6b2987ca621
  requires_dist:
  - absl-py>=0.4
  - grpcio>=1.24.3
  - google-auth>=1.6.3,<3
  - google-auth-oauthlib>=0.4.1,<0.5
  - markdown>=2.6.8
  - numpy>=1.12.0
  - protobuf>=3.9.2
  - requests>=2.21.0,<3
  - setuptools>=41.0.0
  - tensorboard-data-server>=0.6.0,<0.7.0
  - tensorboard-plugin-wit>=1.6.0
  - werkzeug>=1.0.1
  - wheel>=0.26
  requires_python: '>=3.6'
- pypi: https://files.pythonhosted.org/packages/60/f9/802efd84988bffd9f644c03b6e66fde8e76c3aa33db4279ddd11c5d61f4b/tensorboard_data_server-0.6.1-py3-none-manylinux2010_x86_64.whl
  name: tensorboard-data-server
  version: 0.6.1
  sha256: d8237580755e58eff68d1f3abefb5b1e39ae5c8b127cc40920f9c4fb33f4b98a
  requires_python: '>=3.6'
- pypi: https://files.pythonhosted.org/packages/e0/68/e8ecfac5dd594b676c23a7f07ea34c197d7d69b3313afdf8ac1b0a9905a2/tensorboard_plugin_wit-1.8.1-py3-none-any.whl
  name: tensorboard-plugin-wit
  version: 1.8.1
  sha256: ff26bdd583d155aa951ee3b152b3d0cffae8005dc697f72b44a8e8c2a77a8cbe
- pypi: https://files.pythonhosted.org/packages/79/97/f2b50104b3a0d75150c71fd94cb1763a46a60b75da503d7ad1ff7cf9088e/tensorflow-2.9.0-cp310-cp310-manylinux_2_17_x86_64.manylinux2014_x86_64.whl
  name: tensorflow
  version: 2.9.0
  sha256: c93690a4abe2c3d804c035e1f51721a87fd60097459e783dce93600f399e1073
  requires_dist:
  - absl-py>=1.0.0
  - astunparse>=1.6.0
  - flatbuffers>=1.12,<2
  - gast>=0.2.1,<=0.4.0
  - google-pasta>=0.1.1
  - grpcio>=1.24.3,<2.0
  - h5py>=2.9.0
  - keras>=2.9.0rc0,<2.10.0
  - keras-preprocessing>=1.1.1
  - libclang>=13.0.0
  - numpy>=1.20
  - opt-einsum>=2.3.2
  - packaging
  - protobuf>=3.9.2
  - setuptools
  - six>=1.12.0
  - tensorboard>=2.9,<2.10
  - tensorflow-io-gcs-filesystem>=0.23.1
  - tensorflow-estimator>=2.9.0rc0,<2.10.0
  - termcolor>=1.1.0
  - typing-extensions>=3.6.6
  - wrapt>=1.11.0
  requires_python: '>=3.7'
- pypi: https://files.pythonhosted.org/packages/61/e1/a72ec68403d91ba433018db58859fd4706642aa9d0fb44ff778934fc4c2c/tensorflow_estimator-2.9.0-py2.py3-none-any.whl
  name: tensorflow-estimator
  version: 2.9.0
  sha256: e9762bb302f51bc1eb2f35d19f0190a6a2d809d754d5def788c4328fe3746744
  requires_python: '>=3.7'
- pypi: https://files.pythonhosted.org/packages/f3/48/47b7d25572961a48b1de3729b7a11e835b888e41e0203cca82df95d23b91/tensorflow_io_gcs_filesystem-0.37.1-cp310-cp310-manylinux_2_17_x86_64.manylinux2014_x86_64.whl
  name: tensorflow-io-gcs-filesystem
  version: 0.37.1
  sha256: 9679b36e3a80921876f31685ab6f7270f3411a4cc51bc2847e80d0e4b5291e27
  requires_dist:
  - tensorflow>=2.16.0,<2.17.0 ; extra == 'tensorflow'
  - tensorflow-aarch64>=2.16.0,<2.17.0 ; extra == 'tensorflow-aarch64'
  - tensorflow-cpu>=2.16.0,<2.17.0 ; extra == 'tensorflow-cpu'
  - tensorflow-gpu>=2.16.0,<2.17.0 ; extra == 'tensorflow-gpu'
  - tensorflow-rocm>=2.16.0,<2.17.0 ; extra == 'tensorflow-rocm'
  requires_python: '>=3.7,<3.13'
- conda: https://conda.anaconda.org/conda-forge/noarch/termcolor-3.1.0-pyhd8ed1ab_0.conda
  sha256: 04c7b49fbe6a2421ca9126f3f880877e995c457aed8afeb5ad18f03990ca8738
  md5: 951a99e94afe3d38bfdbd04902fe33b7
  depends:
  - python >=3.9
  license: MIT
  license_family: MIT
  purls:
  - pkg:pypi/termcolor?source=hash-mapping
  size: 13131
  timestamp: 1746039688416
- conda: https://conda.anaconda.org/conda-forge/linux-64/tk-8.6.13-noxft_hd72426e_102.conda
  sha256: a84ff687119e6d8752346d1d408d5cf360dee0badd487a472aa8ddedfdc219e1
  md5: a0116df4f4ed05c303811a837d5b39d8
  depends:
  - __glibc >=2.17,<3.0.a0
  - libgcc >=13
  - libzlib >=1.3.1,<2.0a0
  license: TCL
  license_family: BSD
  purls: []
  size: 3285204
  timestamp: 1748387766691
- pypi: https://files.pythonhosted.org/packages/83/4b/f71a84a44192ff5fc57c2a82b9b015876c3244d3ef478a8910b701515ed0/torch-1.13.0-cp310-cp310-manylinux1_x86_64.whl
  name: torch
  version: 1.13.0
  sha256: f68edfea71ade3862039ba66bcedf954190a2db03b0c41a9b79afd72210abd97
  requires_dist:
  - typing-extensions
  - nvidia-cuda-runtime-cu11==11.7.99
  - nvidia-cudnn-cu11==8.5.0.96
  - nvidia-cublas-cu11==11.10.3.66
  - nvidia-cuda-nvrtc-cu11==11.7.99
  - opt-einsum>=3.3 ; extra == 'opt-einsum'
  requires_python: '>=3.7.0'
- conda: https://conda.anaconda.org/conda-forge/noarch/typing-extensions-4.14.1-h4440ef1_0.conda
  sha256: 349951278fa8d0860ec6b61fcdc1e6f604e6fce74fabf73af2e39a37979d0223
  md5: 75be1a943e0a7f99fcf118309092c635
  depends:
  - typing_extensions ==4.14.1 pyhe01879c_0
  license: PSF-2.0
  license_family: PSF
  purls: []
  size: 90486
  timestamp: 1751643513473
- conda: https://conda.anaconda.org/conda-forge/noarch/typing_extensions-4.14.1-pyhe01879c_0.conda
  sha256: 4f52390e331ea8b9019b87effaebc4f80c6466d09f68453f52d5cdc2a3e1194f
  md5: e523f4f1e980ed7a4240d7e27e9ec81f
  depends:
  - python >=3.9
  - python
  license: PSF-2.0
  license_family: PSF
  purls:
  - pkg:pypi/typing-extensions?source=hash-mapping
  size: 51065
  timestamp: 1751643513473
- conda: https://conda.anaconda.org/conda-forge/noarch/tzdata-2025b-h78e105d_0.conda
  sha256: 5aaa366385d716557e365f0a4e9c3fca43ba196872abbbe3d56bb610d131e192
  md5: 4222072737ccff51314b5ece9c7d6f5a
  license: LicenseRef-Public-Domain
  purls: []
  size: 122968
  timestamp: 1742727099393
- pypi: https://files.pythonhosted.org/packages/a7/c2/fe1e52489ae3122415c51f387e221dd0773709bad6c6cdaa599e8a2c5185/urllib3-2.5.0-py3-none-any.whl
  name: urllib3
  version: 2.5.0
  sha256: e6b01673c0fa6a13e374b50871808eb3bf7046c4b125b216f6bf1cc604cff0dc
  requires_dist:
  - brotli>=1.0.9 ; platform_python_implementation == 'CPython' and extra == 'brotli'
  - brotlicffi>=0.8.0 ; platform_python_implementation != 'CPython' and extra == 'brotli'
  - h2>=4,<5 ; extra == 'h2'
  - pysocks>=1.5.6,!=1.5.7,<2.0 ; extra == 'socks'
  - zstandard>=0.18.0 ; extra == 'zstd'
  requires_python: '>=3.9'
- pypi: https://files.pythonhosted.org/packages/52/24/ab44c871b0f07f491e5d2ad12c9bd7358e527510618cb1b803a88e986db1/werkzeug-3.1.3-py3-none-any.whl
  name: werkzeug
  version: 3.1.3
  sha256: 54b78bf3716d19a65be4fceccc0d1d7b89e608834989dfae50ea87564639213e
  requires_dist:
  - markupsafe>=2.1.1
  - watchdog>=2.3 ; extra == 'watchdog'
  requires_python: '>=3.9'
- pypi: https://files.pythonhosted.org/packages/0b/2c/87f3254fd8ffd29e4c02732eee68a83a1d3c346ae39bc6822dcbcb697f2b/wheel-0.45.1-py3-none-any.whl
  name: wheel
  version: 0.45.1
  sha256: 708e7481cc80179af0e556bbf0cc00b8444c7321e2700b8d8580231d13017248
  requires_dist:
  - pytest>=6.0.0 ; extra == 'test'
  - setuptools>=65 ; extra == 'test'
  requires_python: '>=3.8'
- pypi: https://files.pythonhosted.org/packages/de/17/9f8f86755c191d6779d7ddead1a53c7a8aa18bccb7cea8e7e72dfa6a8a09/wrapt-1.17.3-cp310-cp310-manylinux1_x86_64.manylinux_2_28_x86_64.manylinux_2_5_x86_64.whl
  name: wrapt
  version: 1.17.3
  sha256: f9b2601381be482f70e5d1051a5965c25fb3625455a2bf520b5a077b22afb775
  requires_python: '>=3.8'
- conda: https://conda.anaconda.org/conda-forge/linux-64/xz-5.8.1-hbcc6ac9_2.conda
  sha256: 802725371682ea06053971db5b4fb7fbbcaee9cb1804ec688f55e51d74660617
  md5: 68eae977d7d1196d32b636a026dc015d
  depends:
  - __glibc >=2.17,<3.0.a0
  - libgcc >=13
  - liblzma 5.8.1 hb9d3cd8_2
  - liblzma-devel 5.8.1 hb9d3cd8_2
  - xz-gpl-tools 5.8.1 hbcc6ac9_2
  - xz-tools 5.8.1 hb9d3cd8_2
  license: 0BSD AND LGPL-2.1-or-later AND GPL-2.0-or-later
  purls: []
  size: 23987
  timestamp: 1749230104359
- conda: https://conda.anaconda.org/conda-forge/linux-64/xz-gpl-tools-5.8.1-hbcc6ac9_2.conda
  sha256: 840838dca829ec53f1160f3fca6dbfc43f2388b85f15d3e867e69109b168b87b
  md5: bf627c16aa26231720af037a2709ab09
  depends:
  - __glibc >=2.17,<3.0.a0
  - libgcc >=13
  - liblzma 5.8.1 hb9d3cd8_2
  constrains:
  - xz 5.8.1.*
  license: 0BSD AND LGPL-2.1-or-later AND GPL-2.0-or-later
  purls: []
  size: 33911
  timestamp: 1749230090353
- conda: https://conda.anaconda.org/conda-forge/linux-64/xz-tools-5.8.1-hb9d3cd8_2.conda
  sha256: 58034f3fca491075c14e61568ad8b25de00cb3ae479de3e69be6d7ee5d3ace28
  md5: 1bad2995c8f1c8075c6c331bf96e46fb
  depends:
  - __glibc >=2.17,<3.0.a0
  - libgcc >=13
  - liblzma 5.8.1 hb9d3cd8_2
  constrains:
  - xz 5.8.1.*
  license: 0BSD AND LGPL-2.1-or-later
  purls: []
  size: 96433
  timestamp: 1749230076687
- pypi: https://files.pythonhosted.org/packages/b9/0b/f15168475e5493ea44fa3c5e642903f05d2b870db71ad05662ed87a06976/z3_solver-4.15.3.0-py3-none-manylinux_2_17_x86_64.manylinux2014_x86_64.whl
  name: z3-solver
  version: 4.15.3.0
  sha256: a9afd9ceb290482097474d43f08415bcc1874f433189d1449f6c1508e9c68384
  requires_dist:
  - importlib-resources ; python_full_version < '3.9'
